// !$*UTF8*$!
{
	archiveVersion = 1;
	classes = {
	};
	objectVersion = 55;
	objects = {

/* Begin PBXBuildFile section */
		AF59B01227A2FD5400890BD9 /* AppDelegate.swift in Sources */ = {isa = PBXBuildFile; fileRef = AF59B01127A2FD5400890BD9 /* AppDelegate.swift */; };
		AF59B01427A2FD5400890BD9 /* SceneDelegate.swift in Sources */ = {isa = PBXBuildFile; fileRef = AF59B01327A2FD5400890BD9 /* SceneDelegate.swift */; };
		AF59B01627A2FD5400890BD9 /* MainViewController.swift in Sources */ = {isa = PBXBuildFile; fileRef = AF59B01527A2FD5400890BD9 /* MainViewController.swift */; };
		AF59B01B27A2FD5600890BD9 /* Assets.xcassets in Resources */ = {isa = PBXBuildFile; fileRef = AF59B01A27A2FD5600890BD9 /* Assets.xcassets */; };
		AF59B01E27A2FD5600890BD9 /* LaunchScreen.storyboard in Resources */ = {isa = PBXBuildFile; fileRef = AF59B01C27A2FD5600890BD9 /* LaunchScreen.storyboard */; };
		AFA2FEEC27A31CFC000FCB7B /* NetworkClient.swift in Sources */ = {isa = PBXBuildFile; fileRef = AFA2FEEB27A31CFC000FCB7B /* NetworkClient.swift */; };
		AFA2FEEF27A3201E000FCB7B /* TRON in Frameworks */ = {isa = PBXBuildFile; productRef = AFA2FEEE27A3201E000FCB7B /* TRON */; };
		AFA2FEF127A3201E000FCB7B /* TRONSwiftyJSON in Frameworks */ = {isa = PBXBuildFile; productRef = AFA2FEF027A3201E000FCB7B /* TRONSwiftyJSON */; };
		AFA2FEF427A3207A000FCB7B /* PromiseKit in Frameworks */ = {isa = PBXBuildFile; productRef = AFA2FEF327A3207A000FCB7B /* PromiseKit */; };
		AFA2FEF727A320AB000FCB7B /* PureLayout in Frameworks */ = {isa = PBXBuildFile; productRef = AFA2FEF627A320AB000FCB7B /* PureLayout */; };
		AFA2FEFC27A320EA000FCB7B /* ServiceData.swift in Sources */ = {isa = PBXBuildFile; fileRef = AFA2FEFB27A320EA000FCB7B /* ServiceData.swift */; };
		AFA2FEFE27A321C0000FCB7B /* JSONDecodableError.swift in Sources */ = {isa = PBXBuildFile; fileRef = AFA2FEFD27A321C0000FCB7B /* JSONDecodableError.swift */; };
		AFA2FF0027A323D9000FCB7B /* Service.swift in Sources */ = {isa = PBXBuildFile; fileRef = AFA2FEFF27A323D9000FCB7B /* Service.swift */; };
		AFA2FF0227A327A7000FCB7B /* SearchSort.swift in Sources */ = {isa = PBXBuildFile; fileRef = AFA2FF0127A327A7000FCB7B /* SearchSort.swift */; };
		AFA2FF0427A3280E000FCB7B /* SearchOrder.swift in Sources */ = {isa = PBXBuildFile; fileRef = AFA2FF0327A3280E000FCB7B /* SearchOrder.swift */; };
		AFA2FF0627A32F7F000FCB7B /* GithubQueryComposer.swift in Sources */ = {isa = PBXBuildFile; fileRef = AFA2FF0527A32F7F000FCB7B /* GithubQueryComposer.swift */; };
		AFA2FF0927A34421000FCB7B /* GithubService.swift in Sources */ = {isa = PBXBuildFile; fileRef = AFA2FF0827A34421000FCB7B /* GithubService.swift */; };
		AFA2FF0C27A3448E000FCB7B /* RepositoryResponse.swift in Sources */ = {isa = PBXBuildFile; fileRef = AFA2FF0B27A3448E000FCB7B /* RepositoryResponse.swift */; };
		AFC42C8B27A3014B00A3B98E /* SearchResultsViewController.swift in Sources */ = {isa = PBXBuildFile; fileRef = AFC42C8A27A3014B00A3B98E /* SearchResultsViewController.swift */; };
		AFC42C8E27A305F300A3B98E /* CustomNavigationController.swift in Sources */ = {isa = PBXBuildFile; fileRef = AFC42C8D27A305F300A3B98E /* CustomNavigationController.swift */; };
/* End PBXBuildFile section */

/* Begin PBXFileReference section */
		AF59B00E27A2FD5400890BD9 /* Github Respository App.app */ = {isa = PBXFileReference; explicitFileType = wrapper.application; includeInIndex = 0; path = "Github Respository App.app"; sourceTree = BUILT_PRODUCTS_DIR; };
		AF59B01127A2FD5400890BD9 /* AppDelegate.swift */ = {isa = PBXFileReference; lastKnownFileType = sourcecode.swift; path = AppDelegate.swift; sourceTree = "<group>"; };
		AF59B01327A2FD5400890BD9 /* SceneDelegate.swift */ = {isa = PBXFileReference; lastKnownFileType = sourcecode.swift; path = SceneDelegate.swift; sourceTree = "<group>"; };
		AF59B01527A2FD5400890BD9 /* MainViewController.swift */ = {isa = PBXFileReference; lastKnownFileType = sourcecode.swift; path = MainViewController.swift; sourceTree = "<group>"; };
		AF59B01A27A2FD5600890BD9 /* Assets.xcassets */ = {isa = PBXFileReference; lastKnownFileType = folder.assetcatalog; path = Assets.xcassets; sourceTree = "<group>"; };
		AF59B01D27A2FD5600890BD9 /* Base */ = {isa = PBXFileReference; lastKnownFileType = file.storyboard; name = Base; path = Base.lproj/LaunchScreen.storyboard; sourceTree = "<group>"; };
		AF59B01F27A2FD5600890BD9 /* Info.plist */ = {isa = PBXFileReference; lastKnownFileType = text.plist.xml; path = Info.plist; sourceTree = "<group>"; };
		AFA2FEEB27A31CFC000FCB7B /* NetworkClient.swift */ = {isa = PBXFileReference; lastKnownFileType = sourcecode.swift; path = NetworkClient.swift; sourceTree = "<group>"; };
		AFA2FEFB27A320EA000FCB7B /* ServiceData.swift */ = {isa = PBXFileReference; lastKnownFileType = sourcecode.swift; path = ServiceData.swift; sourceTree = "<group>"; };
		AFA2FEFD27A321C0000FCB7B /* JSONDecodableError.swift */ = {isa = PBXFileReference; lastKnownFileType = sourcecode.swift; path = JSONDecodableError.swift; sourceTree = "<group>"; };
		AFA2FEFF27A323D9000FCB7B /* Service.swift */ = {isa = PBXFileReference; lastKnownFileType = sourcecode.swift; path = Service.swift; sourceTree = "<group>"; };
		AFA2FF0127A327A7000FCB7B /* SearchSort.swift */ = {isa = PBXFileReference; lastKnownFileType = sourcecode.swift; path = SearchSort.swift; sourceTree = "<group>"; };
		AFA2FF0327A3280E000FCB7B /* SearchOrder.swift */ = {isa = PBXFileReference; lastKnownFileType = sourcecode.swift; path = SearchOrder.swift; sourceTree = "<group>"; };
		AFA2FF0527A32F7F000FCB7B /* GithubQueryComposer.swift */ = {isa = PBXFileReference; lastKnownFileType = sourcecode.swift; path = GithubQueryComposer.swift; sourceTree = "<group>"; };
		AFA2FF0827A34421000FCB7B /* GithubService.swift */ = {isa = PBXFileReference; lastKnownFileType = sourcecode.swift; path = GithubService.swift; sourceTree = "<group>"; };
		AFA2FF0B27A3448E000FCB7B /* RepositoryResponse.swift */ = {isa = PBXFileReference; lastKnownFileType = sourcecode.swift; path = RepositoryResponse.swift; sourceTree = "<group>"; };
		AFC42C8A27A3014B00A3B98E /* SearchResultsViewController.swift */ = {isa = PBXFileReference; lastKnownFileType = sourcecode.swift; path = SearchResultsViewController.swift; sourceTree = "<group>"; };
		AFC42C8D27A305F300A3B98E /* CustomNavigationController.swift */ = {isa = PBXFileReference; lastKnownFileType = sourcecode.swift; path = CustomNavigationController.swift; sourceTree = "<group>"; };
/* End PBXFileReference section */

/* Begin PBXFrameworksBuildPhase section */
		AF59B00B27A2FD5400890BD9 /* Frameworks */ = {
			isa = PBXFrameworksBuildPhase;
			buildActionMask = 2147483647;
			files = (
				AFA2FEF727A320AB000FCB7B /* PureLayout in Frameworks */,
				AFA2FEEF27A3201E000FCB7B /* TRON in Frameworks */,
				AFA2FEF427A3207A000FCB7B /* PromiseKit in Frameworks */,
				AFA2FEF127A3201E000FCB7B /* TRONSwiftyJSON in Frameworks */,
			);
			runOnlyForDeploymentPostprocessing = 0;
		};
/* End PBXFrameworksBuildPhase section */

/* Begin PBXGroup section */
		AF59B00527A2FD5300890BD9 = {
			isa = PBXGroup;
			children = (
				AF59B01027A2FD5400890BD9 /* Github Respository App */,
				AF59B00F27A2FD5400890BD9 /* Products */,
			);
			sourceTree = "<group>";
		};
		AF59B00F27A2FD5400890BD9 /* Products */ = {
			isa = PBXGroup;
			children = (
				AF59B00E27A2FD5400890BD9 /* Github Respository App.app */,
			);
			name = Products;
			sourceTree = "<group>";
		};
		AF59B01027A2FD5400890BD9 /* Github Respository App */ = {
			isa = PBXGroup;
			children = (
				AF59B01127A2FD5400890BD9 /* AppDelegate.swift */,
				AF59B01327A2FD5400890BD9 /* SceneDelegate.swift */,
				AFC42C8927A3011300A3B98E /* Main Screen */,
				AFC42C8727A3008E00A3B98E /* Clients */,
				AFC42C8C27A305DA00A3B98E /* Common */,
				AFC42C8627A3000800A3B98E /* Supporting Files */,
			);
			path = "Github Respository App";
			sourceTree = "<group>";
		};
		AFA2FEFA27A320E0000FCB7B /* Models */ = {
			isa = PBXGroup;
			children = (
				AFA2FEFB27A320EA000FCB7B /* ServiceData.swift */,
				AFA2FEFD27A321C0000FCB7B /* JSONDecodableError.swift */,
				AFA2FEFF27A323D9000FCB7B /* Service.swift */,
				AFA2FF0127A327A7000FCB7B /* SearchSort.swift */,
				AFA2FF0327A3280E000FCB7B /* SearchOrder.swift */,
				AFA2FF0527A32F7F000FCB7B /* GithubQueryComposer.swift */,
			);
			path = Models;
			sourceTree = "<group>";
		};
		AFA2FF0727A34413000FCB7B /* Services */ = {
			isa = PBXGroup;
			children = (
				AFA2FF0827A34421000FCB7B /* GithubService.swift */,
			);
			path = Services;
			sourceTree = "<group>";
		};
		AFA2FF0A27A34478000FCB7B /* Responses */ = {
			isa = PBXGroup;
			children = (
				AFA2FF0B27A3448E000FCB7B /* RepositoryResponse.swift */,
			);
			path = Responses;
			sourceTree = "<group>";
		};
		AFC42C8327A2FFC700A3B98E /* Models */ = {
			isa = PBXGroup;
			children = (
				AFA2FF0A27A34478000FCB7B /* Responses */,
			);
			path = Models;
			sourceTree = "<group>";
		};
		AFC42C8427A2FFCE00A3B98E /* Views */ = {
			isa = PBXGroup;
			children = (
				AFC42C8827A300BA00A3B98E /* Cells */,
			);
			path = Views;
			sourceTree = "<group>";
		};
		AFC42C8527A2FFDC00A3B98E /* Controllers */ = {
			isa = PBXGroup;
			children = (
				AF59B01527A2FD5400890BD9 /* MainViewController.swift */,
				AFC42C8A27A3014B00A3B98E /* SearchResultsViewController.swift */,
			);
			path = Controllers;
			sourceTree = "<group>";
		};
		AFC42C8627A3000800A3B98E /* Supporting Files */ = {
			isa = PBXGroup;
			children = (
				AF59B01A27A2FD5600890BD9 /* Assets.xcassets */,
				AF59B01C27A2FD5600890BD9 /* LaunchScreen.storyboard */,
				AF59B01F27A2FD5600890BD9 /* Info.plist */,
			);
			path = "Supporting Files";
			sourceTree = "<group>";
		};
		AFC42C8727A3008E00A3B98E /* Clients */ = {
			isa = PBXGroup;
			children = (
				AFA2FF0727A34413000FCB7B /* Services */,
				AFA2FEFA27A320E0000FCB7B /* Models */,
				AFA2FEEB27A31CFC000FCB7B /* NetworkClient.swift */,
			);
			path = Clients;
			sourceTree = "<group>";
		};
		AFC42C8827A300BA00A3B98E /* Cells */ = {
			isa = PBXGroup;
			children = (
			);
			path = Cells;
			sourceTree = "<group>";
		};
		AFC42C8927A3011300A3B98E /* Main Screen */ = {
			isa = PBXGroup;
			children = (
				AFC42C8327A2FFC700A3B98E /* Models */,
				AFC42C8427A2FFCE00A3B98E /* Views */,
				AFC42C8527A2FFDC00A3B98E /* Controllers */,
			);
			path = "Main Screen";
			sourceTree = "<group>";
		};
		AFC42C8C27A305DA00A3B98E /* Common */ = {
			isa = PBXGroup;
			children = (
				AFC42C8D27A305F300A3B98E /* CustomNavigationController.swift */,
			);
			path = Common;
			sourceTree = "<group>";
		};
/* End PBXGroup section */

/* Begin PBXNativeTarget section */
		AF59B00D27A2FD5400890BD9 /* Github Respository App */ = {
			isa = PBXNativeTarget;
			buildConfigurationList = AF59B02227A2FD5600890BD9 /* Build configuration list for PBXNativeTarget "Github Respository App" */;
			buildPhases = (
				AF59B00A27A2FD5400890BD9 /* Sources */,
				AF59B00B27A2FD5400890BD9 /* Frameworks */,
				AF59B00C27A2FD5400890BD9 /* Resources */,
			);
			buildRules = (
			);
			dependencies = (
			);
			name = "Github Respository App";
			packageProductDependencies = (
				AFA2FEEE27A3201E000FCB7B /* TRON */,
				AFA2FEF027A3201E000FCB7B /* TRONSwiftyJSON */,
				AFA2FEF327A3207A000FCB7B /* PromiseKit */,
				AFA2FEF627A320AB000FCB7B /* PureLayout */,
			);
			productName = "Github Respository App";
			productReference = AF59B00E27A2FD5400890BD9 /* Github Respository App.app */;
			productType = "com.apple.product-type.application";
		};
/* End PBXNativeTarget section */

/* Begin PBXProject section */
		AF59B00627A2FD5300890BD9 /* Project object */ = {
			isa = PBXProject;
			attributes = {
				BuildIndependentTargetsInParallel = 1;
				LastSwiftUpdateCheck = 1320;
				LastUpgradeCheck = 1320;
				TargetAttributes = {
					AF59B00D27A2FD5400890BD9 = {
						CreatedOnToolsVersion = 13.2.1;
					};
				};
			};
			buildConfigurationList = AF59B00927A2FD5300890BD9 /* Build configuration list for PBXProject "Github Respository App" */;
			compatibilityVersion = "Xcode 13.0";
			developmentRegion = en;
			hasScannedForEncodings = 0;
			knownRegions = (
				en,
				Base,
			);
			mainGroup = AF59B00527A2FD5300890BD9;
			packageReferences = (
				AFA2FEED27A3201E000FCB7B /* XCRemoteSwiftPackageReference "TRON" */,
				AFA2FEF227A3207A000FCB7B /* XCRemoteSwiftPackageReference "PromiseKit" */,
				AFA2FEF527A320AB000FCB7B /* XCRemoteSwiftPackageReference "PureLayout" */,
			);
			productRefGroup = AF59B00F27A2FD5400890BD9 /* Products */;
			projectDirPath = "";
			projectRoot = "";
			targets = (
				AF59B00D27A2FD5400890BD9 /* Github Respository App */,
			);
		};
/* End PBXProject section */

/* Begin PBXResourcesBuildPhase section */
		AF59B00C27A2FD5400890BD9 /* Resources */ = {
			isa = PBXResourcesBuildPhase;
			buildActionMask = 2147483647;
			files = (
				AF59B01E27A2FD5600890BD9 /* LaunchScreen.storyboard in Resources */,
				AF59B01B27A2FD5600890BD9 /* Assets.xcassets in Resources */,
			);
			runOnlyForDeploymentPostprocessing = 0;
		};
/* End PBXResourcesBuildPhase section */

/* Begin PBXSourcesBuildPhase section */
		AF59B00A27A2FD5400890BD9 /* Sources */ = {
			isa = PBXSourcesBuildPhase;
			buildActionMask = 2147483647;
			files = (
				AF59B01627A2FD5400890BD9 /* MainViewController.swift in Sources */,
				AFA2FF0927A34421000FCB7B /* GithubService.swift in Sources */,
				AFA2FF0227A327A7000FCB7B /* SearchSort.swift in Sources */,
				AFC42C8B27A3014B00A3B98E /* SearchResultsViewController.swift in Sources */,
				AFA2FEFE27A321C0000FCB7B /* JSONDecodableError.swift in Sources */,
				AF59B01227A2FD5400890BD9 /* AppDelegate.swift in Sources */,
				AFC42C8E27A305F300A3B98E /* CustomNavigationController.swift in Sources */,
				AFA2FF0627A32F7F000FCB7B /* GithubQueryComposer.swift in Sources */,
				AFA2FF0027A323D9000FCB7B /* Service.swift in Sources */,
				AFA2FF0427A3280E000FCB7B /* SearchOrder.swift in Sources */,
				AFA2FF0C27A3448E000FCB7B /* RepositoryResponse.swift in Sources */,
				AF59B01427A2FD5400890BD9 /* SceneDelegate.swift in Sources */,
				AFA2FEEC27A31CFC000FCB7B /* NetworkClient.swift in Sources */,
				AFA2FEFC27A320EA000FCB7B /* ServiceData.swift in Sources */,
			);
			runOnlyForDeploymentPostprocessing = 0;
		};
/* End PBXSourcesBuildPhase section */

/* Begin PBXVariantGroup section */
		AF59B01C27A2FD5600890BD9 /* LaunchScreen.storyboard */ = {
			isa = PBXVariantGroup;
			children = (
				AF59B01D27A2FD5600890BD9 /* Base */,
			);
			name = LaunchScreen.storyboard;
			sourceTree = "<group>";
		};
/* End PBXVariantGroup section */

/* Begin XCBuildConfiguration section */
		AF59B02027A2FD5600890BD9 /* Debug */ = {
			isa = XCBuildConfiguration;
			buildSettings = {
				ALWAYS_SEARCH_USER_PATHS = NO;
				CLANG_ANALYZER_NONNULL = YES;
				CLANG_ANALYZER_NUMBER_OBJECT_CONVERSION = YES_AGGRESSIVE;
				CLANG_CXX_LANGUAGE_STANDARD = "gnu++17";
				CLANG_CXX_LIBRARY = "libc++";
				CLANG_ENABLE_MODULES = YES;
				CLANG_ENABLE_OBJC_ARC = YES;
				CLANG_ENABLE_OBJC_WEAK = YES;
				CLANG_WARN_BLOCK_CAPTURE_AUTORELEASING = YES;
				CLANG_WARN_BOOL_CONVERSION = YES;
				CLANG_WARN_COMMA = YES;
				CLANG_WARN_CONSTANT_CONVERSION = YES;
				CLANG_WARN_DEPRECATED_OBJC_IMPLEMENTATIONS = YES;
				CLANG_WARN_DIRECT_OBJC_ISA_USAGE = YES_ERROR;
				CLANG_WARN_DOCUMENTATION_COMMENTS = YES;
				CLANG_WARN_EMPTY_BODY = YES;
				CLANG_WARN_ENUM_CONVERSION = YES;
				CLANG_WARN_INFINITE_RECURSION = YES;
				CLANG_WARN_INT_CONVERSION = YES;
				CLANG_WARN_NON_LITERAL_NULL_CONVERSION = YES;
				CLANG_WARN_OBJC_IMPLICIT_RETAIN_SELF = YES;
				CLANG_WARN_OBJC_LITERAL_CONVERSION = YES;
				CLANG_WARN_OBJC_ROOT_CLASS = YES_ERROR;
				CLANG_WARN_QUOTED_INCLUDE_IN_FRAMEWORK_HEADER = YES;
				CLANG_WARN_RANGE_LOOP_ANALYSIS = YES;
				CLANG_WARN_STRICT_PROTOTYPES = YES;
				CLANG_WARN_SUSPICIOUS_MOVE = YES;
				CLANG_WARN_UNGUARDED_AVAILABILITY = YES_AGGRESSIVE;
				CLANG_WARN_UNREACHABLE_CODE = YES;
				CLANG_WARN__DUPLICATE_METHOD_MATCH = YES;
				COPY_PHASE_STRIP = NO;
				DEBUG_INFORMATION_FORMAT = dwarf;
				ENABLE_STRICT_OBJC_MSGSEND = YES;
				ENABLE_TESTABILITY = YES;
				GCC_C_LANGUAGE_STANDARD = gnu11;
				GCC_DYNAMIC_NO_PIC = NO;
				GCC_NO_COMMON_BLOCKS = YES;
				GCC_OPTIMIZATION_LEVEL = 0;
				GCC_PREPROCESSOR_DEFINITIONS = (
					"DEBUG=1",
					"$(inherited)",
				);
				GCC_WARN_64_TO_32_BIT_CONVERSION = YES;
				GCC_WARN_ABOUT_RETURN_TYPE = YES_ERROR;
				GCC_WARN_UNDECLARED_SELECTOR = YES;
				GCC_WARN_UNINITIALIZED_AUTOS = YES_AGGRESSIVE;
				GCC_WARN_UNUSED_FUNCTION = YES;
				GCC_WARN_UNUSED_VARIABLE = YES;
				IPHONEOS_DEPLOYMENT_TARGET = 15.2;
				MTL_ENABLE_DEBUG_INFO = INCLUDE_SOURCE;
				MTL_FAST_MATH = YES;
				ONLY_ACTIVE_ARCH = YES;
				SDKROOT = iphoneos;
				SWIFT_ACTIVE_COMPILATION_CONDITIONS = DEBUG;
				SWIFT_OPTIMIZATION_LEVEL = "-Onone";
			};
			name = Debug;
		};
		AF59B02127A2FD5600890BD9 /* Release */ = {
			isa = XCBuildConfiguration;
			buildSettings = {
				ALWAYS_SEARCH_USER_PATHS = NO;
				CLANG_ANALYZER_NONNULL = YES;
				CLANG_ANALYZER_NUMBER_OBJECT_CONVERSION = YES_AGGRESSIVE;
				CLANG_CXX_LANGUAGE_STANDARD = "gnu++17";
				CLANG_CXX_LIBRARY = "libc++";
				CLANG_ENABLE_MODULES = YES;
				CLANG_ENABLE_OBJC_ARC = YES;
				CLANG_ENABLE_OBJC_WEAK = YES;
				CLANG_WARN_BLOCK_CAPTURE_AUTORELEASING = YES;
				CLANG_WARN_BOOL_CONVERSION = YES;
				CLANG_WARN_COMMA = YES;
				CLANG_WARN_CONSTANT_CONVERSION = YES;
				CLANG_WARN_DEPRECATED_OBJC_IMPLEMENTATIONS = YES;
				CLANG_WARN_DIRECT_OBJC_ISA_USAGE = YES_ERROR;
				CLANG_WARN_DOCUMENTATION_COMMENTS = YES;
				CLANG_WARN_EMPTY_BODY = YES;
				CLANG_WARN_ENUM_CONVERSION = YES;
				CLANG_WARN_INFINITE_RECURSION = YES;
				CLANG_WARN_INT_CONVERSION = YES;
				CLANG_WARN_NON_LITERAL_NULL_CONVERSION = YES;
				CLANG_WARN_OBJC_IMPLICIT_RETAIN_SELF = YES;
				CLANG_WARN_OBJC_LITERAL_CONVERSION = YES;
				CLANG_WARN_OBJC_ROOT_CLASS = YES_ERROR;
				CLANG_WARN_QUOTED_INCLUDE_IN_FRAMEWORK_HEADER = YES;
				CLANG_WARN_RANGE_LOOP_ANALYSIS = YES;
				CLANG_WARN_STRICT_PROTOTYPES = YES;
				CLANG_WARN_SUSPICIOUS_MOVE = YES;
				CLANG_WARN_UNGUARDED_AVAILABILITY = YES_AGGRESSIVE;
				CLANG_WARN_UNREACHABLE_CODE = YES;
				CLANG_WARN__DUPLICATE_METHOD_MATCH = YES;
				COPY_PHASE_STRIP = NO;
				DEBUG_INFORMATION_FORMAT = "dwarf-with-dsym";
				ENABLE_NS_ASSERTIONS = NO;
				ENABLE_STRICT_OBJC_MSGSEND = YES;
				GCC_C_LANGUAGE_STANDARD = gnu11;
				GCC_NO_COMMON_BLOCKS = YES;
				GCC_WARN_64_TO_32_BIT_CONVERSION = YES;
				GCC_WARN_ABOUT_RETURN_TYPE = YES_ERROR;
				GCC_WARN_UNDECLARED_SELECTOR = YES;
				GCC_WARN_UNINITIALIZED_AUTOS = YES_AGGRESSIVE;
				GCC_WARN_UNUSED_FUNCTION = YES;
				GCC_WARN_UNUSED_VARIABLE = YES;
				IPHONEOS_DEPLOYMENT_TARGET = 15.2;
				MTL_ENABLE_DEBUG_INFO = NO;
				MTL_FAST_MATH = YES;
				SDKROOT = iphoneos;
				SWIFT_COMPILATION_MODE = wholemodule;
				SWIFT_OPTIMIZATION_LEVEL = "-O";
				VALIDATE_PRODUCT = YES;
			};
			name = Release;
		};
		AF59B02327A2FD5600890BD9 /* Debug */ = {
			isa = XCBuildConfiguration;
			buildSettings = {
				ASSETCATALOG_COMPILER_APPICON_NAME = AppIcon;
				ASSETCATALOG_COMPILER_GLOBAL_ACCENT_COLOR_NAME = AccentColor;
				CODE_SIGN_STYLE = Automatic;
				CURRENT_PROJECT_VERSION = 1;
				DEVELOPMENT_TEAM = 7RQ63Y5MYM;
				GENERATE_INFOPLIST_FILE = YES;
				INFOPLIST_FILE = "Github Respository App/Supporting Files/Info.plist";
				INFOPLIST_KEY_UIApplicationSupportsIndirectInputEvents = YES;
				INFOPLIST_KEY_UILaunchStoryboardName = LaunchScreen;
				INFOPLIST_KEY_UISupportedInterfaceOrientations = UIInterfaceOrientationPortrait;
				INFOPLIST_KEY_UISupportedInterfaceOrientations_iPad = "UIInterfaceOrientationPortrait UIInterfaceOrientationPortraitUpsideDown UIInterfaceOrientationLandscapeLeft UIInterfaceOrientationLandscapeRight";
				INFOPLIST_KEY_UISupportedInterfaceOrientations_iPhone = "UIInterfaceOrientationPortrait UIInterfaceOrientationLandscapeLeft UIInterfaceOrientationLandscapeRight";
				IPHONEOS_DEPLOYMENT_TARGET = 15.0;
				LD_RUNPATH_SEARCH_PATHS = (
					"$(inherited)",
					"@executable_path/Frameworks",
				);
				MARKETING_VERSION = 1.0;
				PRODUCT_BUNDLE_IDENTIFIER = "com.ahmadzada.Github-Respository-App";
				PRODUCT_NAME = "$(TARGET_NAME)";
				SWIFT_EMIT_LOC_STRINGS = YES;
				SWIFT_VERSION = 5.0;
				TARGETED_DEVICE_FAMILY = 1;
			};
			name = Debug;
		};
		AF59B02427A2FD5600890BD9 /* Release */ = {
			isa = XCBuildConfiguration;
			buildSettings = {
				ASSETCATALOG_COMPILER_APPICON_NAME = AppIcon;
				ASSETCATALOG_COMPILER_GLOBAL_ACCENT_COLOR_NAME = AccentColor;
				CODE_SIGN_STYLE = Automatic;
				CURRENT_PROJECT_VERSION = 1;
				DEVELOPMENT_TEAM = 7RQ63Y5MYM;
				GENERATE_INFOPLIST_FILE = YES;
				INFOPLIST_FILE = "Github Respository App/Supporting Files/Info.plist";
				INFOPLIST_KEY_UIApplicationSupportsIndirectInputEvents = YES;
				INFOPLIST_KEY_UILaunchStoryboardName = LaunchScreen;
				INFOPLIST_KEY_UISupportedInterfaceOrientations = UIInterfaceOrientationPortrait;
				INFOPLIST_KEY_UISupportedInterfaceOrientations_iPad = "UIInterfaceOrientationPortrait UIInterfaceOrientationPortraitUpsideDown UIInterfaceOrientationLandscapeLeft UIInterfaceOrientationLandscapeRight";
				INFOPLIST_KEY_UISupportedInterfaceOrientations_iPhone = "UIInterfaceOrientationPortrait UIInterfaceOrientationLandscapeLeft UIInterfaceOrientationLandscapeRight";
				IPHONEOS_DEPLOYMENT_TARGET = 15.0;
				LD_RUNPATH_SEARCH_PATHS = (
					"$(inherited)",
					"@executable_path/Frameworks",
				);
				MARKETING_VERSION = 1.0;
				PRODUCT_BUNDLE_IDENTIFIER = "com.ahmadzada.Github-Respository-App";
				PRODUCT_NAME = "$(TARGET_NAME)";
				SWIFT_EMIT_LOC_STRINGS = YES;
				SWIFT_VERSION = 5.0;
				TARGETED_DEVICE_FAMILY = 1;
			};
			name = Release;
		};
/* End XCBuildConfiguration section */

/* Begin XCConfigurationList section */
		AF59B00927A2FD5300890BD9 /* Build configuration list for PBXProject "Github Respository App" */ = {
			isa = XCConfigurationList;
			buildConfigurations = (
				AF59B02027A2FD5600890BD9 /* Debug */,
				AF59B02127A2FD5600890BD9 /* Release */,
			);
			defaultConfigurationIsVisible = 0;
			defaultConfigurationName = Release;
		};
		AF59B02227A2FD5600890BD9 /* Build configuration list for PBXNativeTarget "Github Respository App" */ = {
			isa = XCConfigurationList;
			buildConfigurations = (
				AF59B02327A2FD5600890BD9 /* Debug */,
				AF59B02427A2FD5600890BD9 /* Release */,
			);
			defaultConfigurationIsVisible = 0;
			defaultConfigurationName = Release;
		};
/* End XCConfigurationList section */

/* Begin XCRemoteSwiftPackageReference section */
		AFA2FEED27A3201E000FCB7B /* XCRemoteSwiftPackageReference "TRON" */ = {
			isa = XCRemoteSwiftPackageReference;
			repositoryURL = "https://github.com/MLSDev/TRON";
			requirement = {
				kind = upToNextMajorVersion;
				minimumVersion = 5.3.0;
			};
		};
		AFA2FEF227A3207A000FCB7B /* XCRemoteSwiftPackageReference "PromiseKit" */ = {
			isa = XCRemoteSwiftPackageReference;
			repositoryURL = "https://github.com/mxcl/PromiseKit";
			requirement = {
				kind = upToNextMajorVersion;
				minimumVersion = 6.8.0;
			};
		};
		AFA2FEF527A320AB000FCB7B /* XCRemoteSwiftPackageReference "PureLayout" */ = {
			isa = XCRemoteSwiftPackageReference;
			repositoryURL = "https://github.com/PureLayout/PureLayout";
			requirement = {
				kind = upToNextMajorVersion;
				minimumVersion = 3.0.0;
			};
		};
/* End XCRemoteSwiftPackageReference section */

/* Begin XCSwiftPackageProductDependency section */
		AFA2FEEE27A3201E000FCB7B /* TRON */ = {
			isa = XCSwiftPackageProductDependency;
			package = AFA2FEED27A3201E000FCB7B /* XCRemoteSwiftPackageReference "TRON" */;
			productName = TRON;
		};
		AFA2FEF027A3201E000FCB7B /* TRONSwiftyJSON */ = {
			isa = XCSwiftPackageProductDependency;
			package = AFA2FEED27A3201E000FCB7B /* XCRemoteSwiftPackageReference "TRON" */;
			productName = TRONSwiftyJSON;
		};
		AFA2FEF327A3207A000FCB7B /* PromiseKit */ = {
			isa = XCSwiftPackageProductDependency;
			package = AFA2FEF227A3207A000FCB7B /* XCRemoteSwiftPackageReference "PromiseKit" */;
			productName = PromiseKit;
		};
		AFA2FEF627A320AB000FCB7B /* PureLayout */ = {
			isa = XCSwiftPackageProductDependency;
			package = AFA2FEF527A320AB000FCB7B /* XCRemoteSwiftPackageReference "PureLayout" */;
			productName = PureLayout;
		};
/* End XCSwiftPackageProductDependency section */
	};
	rootObject = AF59B00627A2FD5300890BD9 /* Project object */;
}
